{
  "originHash" : "d369ff6c88b843178c80c2529049b04325bd9246d1446e52757b377f4191f45f",
  "pins" : [
    {
      "identity" : "playkit",
      "kind" : "remoteSourceControl",
      "location" : "https://github.com/TelemTobi/PlayKit.git",
      "state" : {
        "revision" : "9c55cf387637abe7cf508d8d3e08c7ef162d89aa"
      }
    }
  ],
  "version" : 3
}
