{
  "originHash" : "d369ff6c88b843178c80c2529049b04325bd9246d1446e52757b377f4191f45f",
  "pins" : [
    {
      "identity" : "playkit",
      "kind" : "remoteSourceControl",
      "location" : "https://github.com/TelemTobi/PlayKit.git",
      "state" : {
        "revision" : "7ed4e3b6660dc798698d0f2b5ebd7d514f4a9768",
        "version" : "1.1.3"
      }
    }
  ],
  "version" : 3
}
