{
  "originHash" : "d369ff6c88b843178c80c2529049b04325bd9246d1446e52757b377f4191f45f",
  "pins" : [
    {
      "identity" : "playkit",
      "kind" : "remoteSourceControl",
      "location" : "https://github.com/TelemTobi/PlayKit.git",
      "state" : {
        "revision" : "690238ed40700bcd0c1a29ff1f981387b84f95a5",
        "version" : "1.0.2"
      }
    }
  ],
  "version" : 3
}
